
Microsoft Visual Studio Solution File, Format Version 12.00
# Visual Studio 14
VisualStudioVersion = 14.0.24720.0
MinimumVisualStudioVersion = 10.0.40219.1
Project("{FAE04EC0-301F-11D3-BF4B-00C04F79EFBC}") = "ContractOnline", "ContractOnline\ContractOnline.csproj", "{C56AAB09-FC4E-4553-8E0E-D75446548E64}"
EndProject
Project("{FAE04EC0-301F-11D3-BF4B-00C04F79EFBC}") = "ContractOnlineTest", "ContractOnlineTest\ContractOnlineTest.csproj", "{37616761-C47B-4117-88E3-54AC29A753E7}"
EndProject
Global
	GlobalSection(SolutionConfigurationPlatforms) = preSolution
		Debug|Any CPU = Debug|Any CPU
		Release|Any CPU = Release|Any CPU
	EndGlobalSection
	GlobalSection(ProjectConfigurationPlatforms) = postSolution
		{C56AAB09-FC4E-4553-8E0E-D75446548E64}.Debug|Any CPU.ActiveCfg = Debug|Any CPU
		{C56AAB09-FC4E-4553-8E0E-D75446548E64}.Debug|Any CPU.Build.0 = Debug|Any CPU
		{C56AAB09-FC4E-4553-8E0E-D75446548E64}.Release|Any CPU.ActiveCfg = Release|Any CPU
		{C56AAB09-FC4E-4553-8E0E-D75446548E64}.Release|Any CPU.Build.0 = Release|Any CPU
		{37616761-C47B-4117-88E3-54AC29A753E7}.Debug|Any CPU.ActiveCfg = Debug|Any CPU
		{37616761-C47B-4117-88E3-54AC29A753E7}.Debug|Any CPU.Build.0 = Debug|Any CPU
		{37616761-C47B-4117-88E3-54AC29A753E7}.Release|Any CPU.ActiveCfg = Release|Any CPU
		{37616761-C47B-4117-88E3-54AC29A753E7}.Release|Any CPU.Build.0 = Release|Any CPU
	EndGlobalSection
	GlobalSection(SolutionProperties) = preSolution
		HideSolutionNode = FALSE
	EndGlobalSection
EndGlobal
